{
  "requires": true,
  "lockfileVersion": 1,
  "dependencies": {
    "drag-controls": {
      "version": "1.0.4",
      "resolved": "https://registry.npmjs.org/drag-controls/-/drag-controls-1.0.4.tgz",
      "integrity": "sha512-NMkEFbPzglUQyuYA+ib69Cut7a+O0OyKUKVwORA0L4y6IKyuVLvbIy/m88WPkA2ctRhkfubj3qSYwiNvy8bwug=="
    },
    "lodash": {
      "version": "4.17.15",
      "resolved": "https://registry.npmjs.org/lodash/-/lodash-4.17.15.tgz",
      "integrity": "sha512-8xOcRHvCjnocdS5cpwXQXVzmmh5e5+saE2QGoeQmbKmRS6J3VQppPOIt0MnmE+4xlZoumy0GPG0D0MVIQbNA1A=="
    }
  }
}
